{
  "object": {
    "pins": [
      {
        "package": "Dequeue",
        "repositoryURL": "https://github.com/nashysolutions/Dequeue.git",
        "state": {
          "branch": null,
          "revision": "af25489b6c479d44d6cc513828d3ae01e25e8f17",
          "version": "1.0.0"
        }
      },
      {
        "package": "Records",
        "repositoryURL": "https://github.com/nashysolutions/Records.git",
        "state": {
          "branch": null,
          "revision": "5ed50ada9fd6f56e3689cf7fd108a193e1649082",
          "version": "1.0.0"
        }
      }
    ]
  },
  "version": 1
}
